
Microsoft Visual Studio Solution File, Format Version 10.00
# Visual Studio 2008
Project("{8BC9CEB8-8B4A-11D0-8D11-00A0C91BC942}") = "ROUTE", "ROUTE\ROUTE.vcproj", "{747F2520-3637-4056-945B-862FCAD9D6A2}"
EndProject
Global
	GlobalSection(SolutionConfigurationPlatforms) = preSolution
		Debug|Win32 = Debug|Win32
		Release|Win32 = Release|Win32
	EndGlobalSection
	GlobalSection(ProjectConfigurationPlatforms) = postSolution
		{747F2520-3637-4056-945B-862FCAD9D6A2}.Debug|Win32.ActiveCfg = Debug|Win32
		{747F2520-3637-4056-945B-862FCAD9D6A2}.Debug|Win32.Build.0 = Debug|Win32
		{747F2520-3637-4056-945B-862FCAD9D6A2}.Release|Win32.ActiveCfg = Release|Win32
		{747F2520-3637-4056-945B-862FCAD9D6A2}.Release|Win32.Build.0 = Release|Win32
	EndGlobalSection
	GlobalSection(SolutionProperties) = preSolution
		HideSolutionNode = FALSE
	EndGlobalSection
EndGlobal
